
Microsoft Visual Studio Solution File, Format Version 12.00
Project("{FAE04EC0-301F-11D3-BF4B-00C04F79EFBC}") = "DataExplorer", "DataExplorer\DataExplorer.csproj", "{B16718D8-5683-4BBD-A590-65F9684B1901}"
EndProject
Project("{FAE04EC0-301F-11D3-BF4B-00C04F79EFBC}") = "DataExplorer.EfCore", "DataExplorer.EfCore\DataExplorer.EfCore.csproj", "{27378EA9-2C64-43C8-805A-545ED312545A}"
EndProject
Project("{2150E333-8FDC-42A3-9474-1A3956D46DE8}") = "tests", "tests", "{E039280D-7F2B-481D-ADAD-FAB786737469}"
EndProject
Project("{FAE04EC0-301F-11D3-BF4B-00C04F79EFBC}") = "DataExplorer.Tests.Shared", "..\tests\DataExplorer.Tests.Shared\DataExplorer.Tests.Shared.csproj", "{DF2D6734-5C9B-449B-BE53-139D883D6CF6}"
EndProject
Project("{FAE04EC0-301F-11D3-BF4B-00C04F79EFBC}") = "DataExplorer.Tests.Unit", "..\tests\DataExplorer.Tests.Unit\DataExplorer.Tests.Unit.csproj", "{95939A83-0774-4F82-A299-7F3BECBA67C4}"
EndProject
Project("{FAE04EC0-301F-11D3-BF4B-00C04F79EFBC}") = "DataExplorer.EfCore.Tests.Unit", "..\tests\DataExplorer.EfCore.Tests.Unit\DataExplorer.EfCore.Tests.Unit.csproj", "{EB1EB05E-7CAA-4133-95B8-78CB038FD28C}"
EndProject
Project("{2150E333-8FDC-42A3-9474-1A3956D46DE8}") = "unit", "unit", "{3CA1D013-9A7F-4778-9173-4D76A9229056}"
EndProject
Project("{2150E333-8FDC-42A3-9474-1A3956D46DE8}") = "integration", "integration", "{5B7ADB2F-A6C9-4F54-ACE7-23208211F76E}"
EndProject
Project("{FAE04EC0-301F-11D3-BF4B-00C04F79EFBC}") = "DataExplorer.EfCore.Tests.Integration", "..\tests\DataExplorer.EfCore.Tests.Integration\DataExplorer.EfCore.Tests.Integration.csproj", "{E50ECD76-7CE2-4930-9438-C0698911DE66}"
EndProject
Project("{FAE04EC0-301F-11D3-BF4B-00C04F79EFBC}") = "DataExplorer.Extensions.AutoMapper", "DataExplorer.Extensions.AutoMapper\DataExplorer.Extensions.AutoMapper.csproj", "{0DDBA8A3-1F58-402A-B611-245727357B70}"
EndProject
Project("{FAE04EC0-301F-11D3-BF4B-00C04F79EFBC}") = "DataExplorer.Extensions.AutoMapper.Tests.Integration", "..\tests\DataExplorer.Extensions.AutoMapper.Tests.Integration\DataExplorer.Extensions.AutoMapper.Tests.Integration.csproj", "{18C3BEA9-A693-4B88-8E02-64ABB2A02F4C}"
EndProject
Project("{FAE04EC0-301F-11D3-BF4B-00C04F79EFBC}") = "DataExplorer.Extensions.AutoMapper.Tests.Unit", "..\tests\DataExplorer.Extensions.AutoMapper.Tests.Unit\DataExplorer.Extensions.AutoMapper.Tests.Unit.csproj", "{30EF70F8-C172-422B-B08E-639AB4B47169}"
EndProject
Project("{FAE04EC0-301F-11D3-BF4B-00C04F79EFBC}") = "DataExplorer.Extensions.Autofac", "DataExplorer.Extensions.Autofac\DataExplorer.Extensions.Autofac.csproj", "{51095670-691F-44D3-9E19-69E54DFDB324}"
EndProject
Project("{FAE04EC0-301F-11D3-BF4B-00C04F79EFBC}") = "DataExplorer.Extensions.Autofac.Tests.Unit", "..\tests\DataExplorer.Extensions.Autofac.Tests.Unit\DataExplorer.Extensions.Autofac.Tests.Unit.csproj", "{B336CE55-49C1-4BFC-B45B-7A4EFDABB4AC}"
EndProject
Global
	GlobalSection(SolutionConfigurationPlatforms) = preSolution
		Debug|Any CPU = Debug|Any CPU
		Release|Any CPU = Release|Any CPU
	EndGlobalSection
	GlobalSection(ProjectConfigurationPlatforms) = postSolution
		{B16718D8-5683-4BBD-A590-65F9684B1901}.Debug|Any CPU.ActiveCfg = Debug|Any CPU
		{B16718D8-5683-4BBD-A590-65F9684B1901}.Debug|Any CPU.Build.0 = Debug|Any CPU
		{B16718D8-5683-4BBD-A590-65F9684B1901}.Release|Any CPU.ActiveCfg = Release|Any CPU
		{B16718D8-5683-4BBD-A590-65F9684B1901}.Release|Any CPU.Build.0 = Release|Any CPU
		{27378EA9-2C64-43C8-805A-545ED312545A}.Debug|Any CPU.ActiveCfg = Debug|Any CPU
		{27378EA9-2C64-43C8-805A-545ED312545A}.Debug|Any CPU.Build.0 = Debug|Any CPU
		{27378EA9-2C64-43C8-805A-545ED312545A}.Release|Any CPU.ActiveCfg = Release|Any CPU
		{27378EA9-2C64-43C8-805A-545ED312545A}.Release|Any CPU.Build.0 = Release|Any CPU
		{DF2D6734-5C9B-449B-BE53-139D883D6CF6}.Debug|Any CPU.ActiveCfg = Debug|Any CPU
		{DF2D6734-5C9B-449B-BE53-139D883D6CF6}.Debug|Any CPU.Build.0 = Debug|Any CPU
		{DF2D6734-5C9B-449B-BE53-139D883D6CF6}.Release|Any CPU.ActiveCfg = Release|Any CPU
		{DF2D6734-5C9B-449B-BE53-139D883D6CF6}.Release|Any CPU.Build.0 = Release|Any CPU
		{95939A83-0774-4F82-A299-7F3BECBA67C4}.Debug|Any CPU.ActiveCfg = Debug|Any CPU
		{95939A83-0774-4F82-A299-7F3BECBA67C4}.Debug|Any CPU.Build.0 = Debug|Any CPU
		{95939A83-0774-4F82-A299-7F3BECBA67C4}.Release|Any CPU.ActiveCfg = Release|Any CPU
		{95939A83-0774-4F82-A299-7F3BECBA67C4}.Release|Any CPU.Build.0 = Release|Any CPU
		{EB1EB05E-7CAA-4133-95B8-78CB038FD28C}.Debug|Any CPU.ActiveCfg = Debug|Any CPU
		{EB1EB05E-7CAA-4133-95B8-78CB038FD28C}.Debug|Any CPU.Build.0 = Debug|Any CPU
		{EB1EB05E-7CAA-4133-95B8-78CB038FD28C}.Release|Any CPU.ActiveCfg = Release|Any CPU
		{EB1EB05E-7CAA-4133-95B8-78CB038FD28C}.Release|Any CPU.Build.0 = Release|Any CPU
		{E50ECD76-7CE2-4930-9438-C0698911DE66}.Debug|Any CPU.ActiveCfg = Debug|Any CPU
		{E50ECD76-7CE2-4930-9438-C0698911DE66}.Debug|Any CPU.Build.0 = Debug|Any CPU
		{E50ECD76-7CE2-4930-9438-C0698911DE66}.Release|Any CPU.ActiveCfg = Release|Any CPU
		{E50ECD76-7CE2-4930-9438-C0698911DE66}.Release|Any CPU.Build.0 = Release|Any CPU
		{0DDBA8A3-1F58-402A-B611-245727357B70}.Debug|Any CPU.ActiveCfg = Debug|Any CPU
		{0DDBA8A3-1F58-402A-B611-245727357B70}.Debug|Any CPU.Build.0 = Debug|Any CPU
		{0DDBA8A3-1F58-402A-B611-245727357B70}.Release|Any CPU.ActiveCfg = Release|Any CPU
		{0DDBA8A3-1F58-402A-B611-245727357B70}.Release|Any CPU.Build.0 = Release|Any CPU
		{18C3BEA9-A693-4B88-8E02-64ABB2A02F4C}.Debug|Any CPU.ActiveCfg = Debug|Any CPU
		{18C3BEA9-A693-4B88-8E02-64ABB2A02F4C}.Debug|Any CPU.Build.0 = Debug|Any CPU
		{18C3BEA9-A693-4B88-8E02-64ABB2A02F4C}.Release|Any CPU.ActiveCfg = Release|Any CPU
		{18C3BEA9-A693-4B88-8E02-64ABB2A02F4C}.Release|Any CPU.Build.0 = Release|Any CPU
		{30EF70F8-C172-422B-B08E-639AB4B47169}.Debug|Any CPU.ActiveCfg = Debug|Any CPU
		{30EF70F8-C172-422B-B08E-639AB4B47169}.Debug|Any CPU.Build.0 = Debug|Any CPU
		{30EF70F8-C172-422B-B08E-639AB4B47169}.Release|Any CPU.ActiveCfg = Release|Any CPU
		{30EF70F8-C172-422B-B08E-639AB4B47169}.Release|Any CPU.Build.0 = Release|Any CPU
		{51095670-691F-44D3-9E19-69E54DFDB324}.Debug|Any CPU.ActiveCfg = Debug|Any CPU
		{51095670-691F-44D3-9E19-69E54DFDB324}.Debug|Any CPU.Build.0 = Debug|Any CPU
		{51095670-691F-44D3-9E19-69E54DFDB324}.Release|Any CPU.ActiveCfg = Release|Any CPU
		{51095670-691F-44D3-9E19-69E54DFDB324}.Release|Any CPU.Build.0 = Release|Any CPU
		{B336CE55-49C1-4BFC-B45B-7A4EFDABB4AC}.Debug|Any CPU.ActiveCfg = Debug|Any CPU
		{B336CE55-49C1-4BFC-B45B-7A4EFDABB4AC}.Debug|Any CPU.Build.0 = Debug|Any CPU
		{B336CE55-49C1-4BFC-B45B-7A4EFDABB4AC}.Release|Any CPU.ActiveCfg = Release|Any CPU
		{B336CE55-49C1-4BFC-B45B-7A4EFDABB4AC}.Release|Any CPU.Build.0 = Release|Any CPU
	EndGlobalSection
	GlobalSection(NestedProjects) = preSolution
		{3CA1D013-9A7F-4778-9173-4D76A9229056} = {E039280D-7F2B-481D-ADAD-FAB786737469}
		{EB1EB05E-7CAA-4133-95B8-78CB038FD28C} = {3CA1D013-9A7F-4778-9173-4D76A9229056}
		{95939A83-0774-4F82-A299-7F3BECBA67C4} = {3CA1D013-9A7F-4778-9173-4D76A9229056}
		{5B7ADB2F-A6C9-4F54-ACE7-23208211F76E} = {E039280D-7F2B-481D-ADAD-FAB786737469}
		{DF2D6734-5C9B-449B-BE53-139D883D6CF6} = {E039280D-7F2B-481D-ADAD-FAB786737469}
		{E50ECD76-7CE2-4930-9438-C0698911DE66} = {5B7ADB2F-A6C9-4F54-ACE7-23208211F76E}
		{18C3BEA9-A693-4B88-8E02-64ABB2A02F4C} = {5B7ADB2F-A6C9-4F54-ACE7-23208211F76E}
		{30EF70F8-C172-422B-B08E-639AB4B47169} = {3CA1D013-9A7F-4778-9173-4D76A9229056}
		{B336CE55-49C1-4BFC-B45B-7A4EFDABB4AC} = {3CA1D013-9A7F-4778-9173-4D76A9229056}
	EndGlobalSection
EndGlobal
